
Microsoft Visual Studio Solution File, Format Version 12.00
# Visual Studio Version 17
VisualStudioVersion = 17.13.35825.156
MinimumVisualStudioVersion = 10.0.40219.1
Project("{FAE04EC0-301F-11D3-BF4B-00C04F79EFBC}") = "SemanticKernel.Agents.DatabaseAgent", "SemanticKernel.Agents.DatabaseAgent\SemanticKernel.Agents.DatabaseAgent.csproj", "{0FB959FE-C974-4D07-8D4E-BC7127FC22CE}"
EndProject
Project("{2150E333-8FDC-42A3-9474-1A3956D46DE8}") = "Solution Items", "Solution Items", "{8EC462FD-D22E-90A8-E5CE-7E832BA40C5D}"
	ProjectSection(SolutionItems) = preProject
		..\.gitignore = ..\.gitignore
		..\LICENSE.md = ..\LICENSE.md
		..\README.md = ..\README.md
	EndProjectSection
EndProject
Project("{FAE04EC0-301F-11D3-BF4B-00C04F79EFBC}") = "SemanticKernel.Agents.DatabaseAgent.Tests", "..\tests\SemanticKernel.Agents.DatabaseAgent.Tests\SemanticKernel.Agents.DatabaseAgent.Tests.csproj", "{830AF03C-A298-44E3-96C6-6E1A6EAE0C5E}"
EndProject
Project("{FAE04EC0-301F-11D3-BF4B-00C04F79EFBC}") = "SemanticKernel.Agents.DatabaseAgent.QualityAssurance", "SemanticKernel.Agents.DatabaseAgent.QualityAssurance\SemanticKernel.Agents.DatabaseAgent.QualityAssurance.csproj", "{ECA0008E-81A8-41CE-9896-08F22A5CCBAF}"
EndProject
Project("{FAE04EC0-301F-11D3-BF4B-00C04F79EFBC}") = "SemanticKernel.Agents.DatabaseAgent.MCPServer", "SemanticKernel.Agents.DatabaseAgent.MCPServer\SemanticKernel.Agents.DatabaseAgent.MCPServer.csproj", "{4A993934-CA43-4EB9-A3C6-C0976D705A33}"
EndProject
Project("{2150E333-8FDC-42A3-9474-1A3956D46DE8}") = ".github", ".github", "{02EA681E-C7D8-13C7-8484-4AC65E1B71E8}"
	ProjectSection(SolutionItems) = preProject
		..\.github\CODEOWNERS = ..\.github\CODEOWNERS
		..\.github\dependabot.yaml = ..\.github\dependabot.yaml
		..\.github\pull_request_template.yml = ..\.github\pull_request_template.yml
	EndProjectSection
EndProject
Project("{2150E333-8FDC-42A3-9474-1A3956D46DE8}") = "workflows", "workflows", "{4ED0DC8D-A438-4FFC-AD81-98A7E3F3634E}"
	ProjectSection(SolutionItems) = preProject
		..\.github\workflows\build_tests.yml = ..\.github\workflows\build_tests.yml
		..\.github\workflows\execute_test_for_model.yml = ..\.github\workflows\execute_test_for_model.yml
		..\.github\workflows\publish.yml = ..\.github\workflows\publish.yml
	EndProjectSection
EndProject
Global
	GlobalSection(SolutionConfigurationPlatforms) = preSolution
		Debug|Any CPU = Debug|Any CPU
		Release|Any CPU = Release|Any CPU
	EndGlobalSection
	GlobalSection(ProjectConfigurationPlatforms) = postSolution
		{0FB959FE-C974-4D07-8D4E-BC7127FC22CE}.Debug|Any CPU.ActiveCfg = Debug|Any CPU
		{0FB959FE-C974-4D07-8D4E-BC7127FC22CE}.Debug|Any CPU.Build.0 = Debug|Any CPU
		{0FB959FE-C974-4D07-8D4E-BC7127FC22CE}.Release|Any CPU.ActiveCfg = Release|Any CPU
		{0FB959FE-C974-4D07-8D4E-BC7127FC22CE}.Release|Any CPU.Build.0 = Release|Any CPU
		{830AF03C-A298-44E3-96C6-6E1A6EAE0C5E}.Debug|Any CPU.ActiveCfg = Debug|Any CPU
		{830AF03C-A298-44E3-96C6-6E1A6EAE0C5E}.Debug|Any CPU.Build.0 = Debug|Any CPU
		{830AF03C-A298-44E3-96C6-6E1A6EAE0C5E}.Release|Any CPU.ActiveCfg = Release|Any CPU
		{830AF03C-A298-44E3-96C6-6E1A6EAE0C5E}.Release|Any CPU.Build.0 = Release|Any CPU
		{ECA0008E-81A8-41CE-9896-08F22A5CCBAF}.Debug|Any CPU.ActiveCfg = Debug|Any CPU
		{ECA0008E-81A8-41CE-9896-08F22A5CCBAF}.Debug|Any CPU.Build.0 = Debug|Any CPU
		{ECA0008E-81A8-41CE-9896-08F22A5CCBAF}.Release|Any CPU.ActiveCfg = Release|Any CPU
		{ECA0008E-81A8-41CE-9896-08F22A5CCBAF}.Release|Any CPU.Build.0 = Release|Any CPU
		{4A993934-CA43-4EB9-A3C6-C0976D705A33}.Debug|Any CPU.ActiveCfg = Debug|Any CPU
		{4A993934-CA43-4EB9-A3C6-C0976D705A33}.Debug|Any CPU.Build.0 = Debug|Any CPU
		{4A993934-CA43-4EB9-A3C6-C0976D705A33}.Release|Any CPU.ActiveCfg = Release|Any CPU
		{4A993934-CA43-4EB9-A3C6-C0976D705A33}.Release|Any CPU.Build.0 = Release|Any CPU
	EndGlobalSection
	GlobalSection(SolutionProperties) = preSolution
		HideSolutionNode = FALSE
	EndGlobalSection
	GlobalSection(NestedProjects) = preSolution
		{02EA681E-C7D8-13C7-8484-4AC65E1B71E8} = {8EC462FD-D22E-90A8-E5CE-7E832BA40C5D}
		{4ED0DC8D-A438-4FFC-AD81-98A7E3F3634E} = {02EA681E-C7D8-13C7-8484-4AC65E1B71E8}
	EndGlobalSection
	GlobalSection(ExtensibilityGlobals) = postSolution
		SolutionGuid = {2E9C15E3-18FB-422C-B2F0-B8BD86672D04}
	EndGlobalSection
EndGlobal
